// !$*UTF8*$!
{
	archiveVersion = 1;
	classes = {
	};
	objectVersion = 50;
	objects = {

/* Begin PBXBuildFile section */
		1849237321460EF800DEA7E1 /* DataHeaderLabel.swift in Sources */ = {isa = PBXBuildFile; fileRef = 1849237221460EF800DEA7E1 /* DataHeaderLabel.swift */; };
		1864E55A2132EC0100F87879 /* AppDelegate.swift in Sources */ = {isa = PBXBuildFile; fileRef = 1864E5592132EC0100F87879 /* AppDelegate.swift */; };
		1864E55C2132EC0100F87879 /* ViewController.swift in Sources */ = {isa = PBXBuildFile; fileRef = 1864E55B2132EC0100F87879 /* ViewController.swift */; };
		1864E5612132EC0300F87879 /* Assets.xcassets in Resources */ = {isa = PBXBuildFile; fileRef = 1864E5602132EC0300F87879 /* Assets.xcassets */; };
		1864E56D2132EF7A00F87879 /* ChatMessageCell.swift in Sources */ = {isa = PBXBuildFile; fileRef = 1864E56C2132EF7A00F87879 /* ChatMessageCell.swift */; };
		18ACB34B2138E1D700C8D7B5 /* Date+Custom.swift in Sources */ = {isa = PBXBuildFile; fileRef = 18ACB34A2138E1D700C8D7B5 /* Date+Custom.swift */; };
		18F9822E2136565500001981 /* ChatMessageModel.swift in Sources */ = {isa = PBXBuildFile; fileRef = 18F9822D2136565500001981 /* ChatMessageModel.swift */; };
/* End PBXBuildFile section */

/* Begin PBXFileReference section */
		1849237221460EF800DEA7E1 /* DataHeaderLabel.swift */ = {isa = PBXFileReference; lastKnownFileType = sourcecode.swift; path = DataHeaderLabel.swift; sourceTree = "<group>"; };
		1864E5562132EC0100F87879 /* ChatMessage.app */ = {isa = PBXFileReference; explicitFileType = wrapper.application; includeInIndex = 0; path = ChatMessage.app; sourceTree = BUILT_PRODUCTS_DIR; };
		1864E5592132EC0100F87879 /* AppDelegate.swift */ = {isa = PBXFileReference; lastKnownFileType = sourcecode.swift; path = AppDelegate.swift; sourceTree = "<group>"; };
		1864E55B2132EC0100F87879 /* ViewController.swift */ = {isa = PBXFileReference; lastKnownFileType = sourcecode.swift; path = ViewController.swift; sourceTree = "<group>"; };
		1864E5602132EC0300F87879 /* Assets.xcassets */ = {isa = PBXFileReference; lastKnownFileType = folder.assetcatalog; path = Assets.xcassets; sourceTree = "<group>"; };
		1864E5652132EC0300F87879 /* Info.plist */ = {isa = PBXFileReference; lastKnownFileType = text.plist.xml; path = Info.plist; sourceTree = "<group>"; };
		1864E56B2132EC6500F87879 /* README.md */ = {isa = PBXFileReference; lastKnownFileType = net.daringfireball.markdown; path = README.md; sourceTree = "<group>"; };
		1864E56C2132EF7A00F87879 /* ChatMessageCell.swift */ = {isa = PBXFileReference; lastKnownFileType = sourcecode.swift; path = ChatMessageCell.swift; sourceTree = "<group>"; };
		18ACB34A2138E1D700C8D7B5 /* Date+Custom.swift */ = {isa = PBXFileReference; lastKnownFileType = sourcecode.swift; path = "Date+Custom.swift"; sourceTree = "<group>"; };
		18F9822D2136565500001981 /* ChatMessageModel.swift */ = {isa = PBXFileReference; lastKnownFileType = sourcecode.swift; path = ChatMessageModel.swift; sourceTree = "<group>"; };
/* End PBXFileReference section */

/* Begin PBXFrameworksBuildPhase section */
		1864E5532132EC0100F87879 /* Frameworks */ = {
			isa = PBXFrameworksBuildPhase;
			buildActionMask = 2147483647;
			files = (
			);
			runOnlyForDeploymentPostprocessing = 0;
		};
/* End PBXFrameworksBuildPhase section */

/* Begin PBXGroup section */
		1849236E21460EB200DEA7E1 /* Extensions */ = {
			isa = PBXGroup;
			children = (
				18ACB34A2138E1D700C8D7B5 /* Date+Custom.swift */,
			);
			path = Extensions;
			sourceTree = "<group>";
		};
		1849236F21460EBE00DEA7E1 /* Models */ = {
			isa = PBXGroup;
			children = (
				18F9822D2136565500001981 /* ChatMessageModel.swift */,
			);
			path = Models;
			sourceTree = "<group>";
		};
		1849237021460EC700DEA7E1 /* Views */ = {
			isa = PBXGroup;
			children = (
				1864E56C2132EF7A00F87879 /* ChatMessageCell.swift */,
				1849237221460EF800DEA7E1 /* DataHeaderLabel.swift */,
			);
			path = Views;
			sourceTree = "<group>";
		};
		1849237121460ED500DEA7E1 /* ViewControllers */ = {
			isa = PBXGroup;
			children = (
				1864E55B2132EC0100F87879 /* ViewController.swift */,
			);
			path = ViewControllers;
			sourceTree = "<group>";
		};
		1864E54D2132EC0100F87879 = {
			isa = PBXGroup;
			children = (
				1864E56B2132EC6500F87879 /* README.md */,
				1864E5582132EC0100F87879 /* ChatMessage */,
				1864E5572132EC0100F87879 /* Products */,
			);
			sourceTree = "<group>";
		};
		1864E5572132EC0100F87879 /* Products */ = {
			isa = PBXGroup;
			children = (
				1864E5562132EC0100F87879 /* ChatMessage.app */,
			);
			name = Products;
			sourceTree = "<group>";
		};
		1864E5582132EC0100F87879 /* ChatMessage */ = {
			isa = PBXGroup;
			children = (
				1849237121460ED500DEA7E1 /* ViewControllers */,
				1849237021460EC700DEA7E1 /* Views */,
				1849236F21460EBE00DEA7E1 /* Models */,
				1849236E21460EB200DEA7E1 /* Extensions */,
				1864E5592132EC0100F87879 /* AppDelegate.swift */,
				1864E5602132EC0300F87879 /* Assets.xcassets */,
				1864E5652132EC0300F87879 /* Info.plist */,
			);
			path = ChatMessage;
			sourceTree = "<group>";
		};
/* End PBXGroup section */

/* Begin PBXNativeTarget section */
		1864E5552132EC0100F87879 /* ChatMessage */ = {
			isa = PBXNativeTarget;
			buildConfigurationList = 1864E5682132EC0300F87879 /* Build configuration list for PBXNativeTarget "ChatMessage" */;
			buildPhases = (
				1864E5522132EC0100F87879 /* Sources */,
				1864E5532132EC0100F87879 /* Frameworks */,
				1864E5542132EC0100F87879 /* Resources */,
			);
			buildRules = (
			);
			dependencies = (
			);
			name = ChatMessage;
			productName = ChatMessage;
			productReference = 1864E5562132EC0100F87879 /* ChatMessage.app */;
			productType = "com.apple.product-type.application";
		};
/* End PBXNativeTarget section */

/* Begin PBXProject section */
		1864E54E2132EC0100F87879 /* Project object */ = {
			isa = PBXProject;
			attributes = {
				LastSwiftUpdateCheck = 0940;
				LastUpgradeCheck = 0940;
				ORGANIZATIONNAME = Marcos;
				TargetAttributes = {
					1864E5552132EC0100F87879 = {
						CreatedOnToolsVersion = 9.4.1;
					};
				};
			};
			buildConfigurationList = 1864E5512132EC0100F87879 /* Build configuration list for PBXProject "ChatMessage" */;
			compatibilityVersion = "Xcode 9.3";
			developmentRegion = en;
			hasScannedForEncodings = 0;
			knownRegions = (
				en,
				Base,
			);
			mainGroup = 1864E54D2132EC0100F87879;
			productRefGroup = 1864E5572132EC0100F87879 /* Products */;
			projectDirPath = "";
			projectRoot = "";
			targets = (
				1864E5552132EC0100F87879 /* ChatMessage */,
			);
		};
/* End PBXProject section */

/* Begin PBXResourcesBuildPhase section */
		1864E5542132EC0100F87879 /* Resources */ = {
			isa = PBXResourcesBuildPhase;
			buildActionMask = 2147483647;
			files = (
				1864E5612132EC0300F87879 /* Assets.xcassets in Resources */,
			);
			runOnlyForDeploymentPostprocessing = 0;
		};
/* End PBXResourcesBuildPhase section */

/* Begin PBXSourcesBuildPhase section */
		1864E5522132EC0100F87879 /* Sources */ = {
			isa = PBXSourcesBuildPhase;
			buildActionMask = 2147483647;
			files = (
				18ACB34B2138E1D700C8D7B5 /* Date+Custom.swift in Sources */,
				1864E56D2132EF7A00F87879 /* ChatMessageCell.swift in Sources */,
				1864E55C2132EC0100F87879 /* ViewController.swift in Sources */,
				1864E55A2132EC0100F87879 /* AppDelegate.swift in Sources */,
				18F9822E2136565500001981 /* ChatMessageModel.swift in Sources */,
				1849237321460EF800DEA7E1 /* DataHeaderLabel.swift in Sources */,
			);
			runOnlyForDeploymentPostprocessing = 0;
		};
/* End PBXSourcesBuildPhase section */

/* Begin XCBuildConfiguration section */
		1864E5662132EC0300F87879 /* Debug */ = {
			isa = XCBuildConfiguration;
			buildSettings = {
				ALWAYS_SEARCH_USER_PATHS = NO;
				CLANG_ANALYZER_NONNULL = YES;
				CLANG_ANALYZER_NUMBER_OBJECT_CONVERSION = YES_AGGRESSIVE;
				CLANG_CXX_LANGUAGE_STANDARD = "gnu++14";
				CLANG_CXX_LIBRARY = "libc++";
				CLANG_ENABLE_MODULES = YES;
				CLANG_ENABLE_OBJC_ARC = YES;
				CLANG_ENABLE_OBJC_WEAK = YES;
				CLANG_WARN_BLOCK_CAPTURE_AUTORELEASING = YES;
				CLANG_WARN_BOOL_CONVERSION = YES;
				CLANG_WARN_COMMA = YES;
				CLANG_WARN_CONSTANT_CONVERSION = YES;
				CLANG_WARN_DEPRECATED_OBJC_IMPLEMENTATIONS = YES;
				CLANG_WARN_DIRECT_OBJC_ISA_USAGE = YES_ERROR;
				CLANG_WARN_DOCUMENTATION_COMMENTS = YES;
				CLANG_WARN_EMPTY_BODY = YES;
				CLANG_WARN_ENUM_CONVERSION = YES;
				CLANG_WARN_INFINITE_RECURSION = YES;
				CLANG_WARN_INT_CONVERSION = YES;
				CLANG_WARN_NON_LITERAL_NULL_CONVERSION = YES;
				CLANG_WARN_OBJC_IMPLICIT_RETAIN_SELF = YES;
				CLANG_WARN_OBJC_LITERAL_CONVERSION = YES;
				CLANG_WARN_OBJC_ROOT_CLASS = YES_ERROR;
				CLANG_WARN_RANGE_LOOP_ANALYSIS = YES;
				CLANG_WARN_STRICT_PROTOTYPES = YES;
				CLANG_WARN_SUSPICIOUS_MOVE = YES;
				CLANG_WARN_UNGUARDED_AVAILABILITY = YES_AGGRESSIVE;
				CLANG_WARN_UNREACHABLE_CODE = YES;
				CLANG_WARN__DUPLICATE_METHOD_MATCH = YES;
				CODE_SIGN_IDENTITY = "iPhone Developer";
				COPY_PHASE_STRIP = NO;
				DEBUG_INFORMATION_FORMAT = dwarf;
				ENABLE_STRICT_OBJC_MSGSEND = YES;
				ENABLE_TESTABILITY = YES;
				GCC_C_LANGUAGE_STANDARD = gnu11;
				GCC_DYNAMIC_NO_PIC = NO;
				GCC_NO_COMMON_BLOCKS = YES;
				GCC_OPTIMIZATION_LEVEL = 0;
				GCC_PREPROCESSOR_DEFINITIONS = (
					"DEBUG=1",
					"$(inherited)",
				);
				GCC_WARN_64_TO_32_BIT_CONVERSION = YES;
				GCC_WARN_ABOUT_RETURN_TYPE = YES_ERROR;
				GCC_WARN_UNDECLARED_SELECTOR = YES;
				GCC_WARN_UNINITIALIZED_AUTOS = YES_AGGRESSIVE;
				GCC_WARN_UNUSED_FUNCTION = YES;
				GCC_WARN_UNUSED_VARIABLE = YES;
				IPHONEOS_DEPLOYMENT_TARGET = 11.4;
				MTL_ENABLE_DEBUG_INFO = YES;
				ONLY_ACTIVE_ARCH = YES;
				SDKROOT = iphoneos;
				SWIFT_ACTIVE_COMPILATION_CONDITIONS = DEBUG;
				SWIFT_OPTIMIZATION_LEVEL = "-Onone";
			};
			name = Debug;
		};
		1864E5672132EC0300F87879 /* Release */ = {
			isa = XCBuildConfiguration;
			buildSettings = {
				ALWAYS_SEARCH_USER_PATHS = NO;
				CLANG_ANALYZER_NONNULL = YES;
				CLANG_ANALYZER_NUMBER_OBJECT_CONVERSION = YES_AGGRESSIVE;
				CLANG_CXX_LANGUAGE_STANDARD = "gnu++14";
				CLANG_CXX_LIBRARY = "libc++";
				CLANG_ENABLE_MODULES = YES;
				CLANG_ENABLE_OBJC_ARC = YES;
				CLANG_ENABLE_OBJC_WEAK = YES;
				CLANG_WARN_BLOCK_CAPTURE_AUTORELEASING = YES;
				CLANG_WARN_BOOL_CONVERSION = YES;
				CLANG_WARN_COMMA = YES;
				CLANG_WARN_CONSTANT_CONVERSION = YES;
				CLANG_WARN_DEPRECATED_OBJC_IMPLEMENTATIONS = YES;
				CLANG_WARN_DIRECT_OBJC_ISA_USAGE = YES_ERROR;
				CLANG_WARN_DOCUMENTATION_COMMENTS = YES;
				CLANG_WARN_EMPTY_BODY = YES;
				CLANG_WARN_ENUM_CONVERSION = YES;
				CLANG_WARN_INFINITE_RECURSION = YES;
				CLANG_WARN_INT_CONVERSION = YES;
				CLANG_WARN_NON_LITERAL_NULL_CONVERSION = YES;
				CLANG_WARN_OBJC_IMPLICIT_RETAIN_SELF = YES;
				CLANG_WARN_OBJC_LITERAL_CONVERSION = YES;
				CLANG_WARN_OBJC_ROOT_CLASS = YES_ERROR;
				CLANG_WARN_RANGE_LOOP_ANALYSIS = YES;
				CLANG_WARN_STRICT_PROTOTYPES = YES;
				CLANG_WARN_SUSPICIOUS_MOVE = YES;
				CLANG_WARN_UNGUARDED_AVAILABILITY = YES_AGGRESSIVE;
				CLANG_WARN_UNREACHABLE_CODE = YES;
				CLANG_WARN__DUPLICATE_METHOD_MATCH = YES;
				CODE_SIGN_IDENTITY = "iPhone Developer";
				COPY_PHASE_STRIP = NO;
				DEBUG_INFORMATION_FORMAT = "dwarf-with-dsym";
				ENABLE_NS_ASSERTIONS = NO;
				ENABLE_STRICT_OBJC_MSGSEND = YES;
				GCC_C_LANGUAGE_STANDARD = gnu11;
				GCC_NO_COMMON_BLOCKS = YES;
				GCC_WARN_64_TO_32_BIT_CONVERSION = YES;
				GCC_WARN_ABOUT_RETURN_TYPE = YES_ERROR;
				GCC_WARN_UNDECLARED_SELECTOR = YES;
				GCC_WARN_UNINITIALIZED_AUTOS = YES_AGGRESSIVE;
				GCC_WARN_UNUSED_FUNCTION = YES;
				GCC_WARN_UNUSED_VARIABLE = YES;
				IPHONEOS_DEPLOYMENT_TARGET = 11.4;
				MTL_ENABLE_DEBUG_INFO = NO;
				SDKROOT = iphoneos;
				SWIFT_COMPILATION_MODE = wholemodule;
				SWIFT_OPTIMIZATION_LEVEL = "-O";
				VALIDATE_PRODUCT = YES;
			};
			name = Release;
		};
		1864E5692132EC0300F87879 /* Debug */ = {
			isa = XCBuildConfiguration;
			buildSettings = {
				ASSETCATALOG_COMPILER_APPICON_NAME = AppIcon;
				CODE_SIGN_STYLE = Automatic;
				DEVELOPMENT_TEAM = V2686JM7D9;
				INFOPLIST_FILE = ChatMessage/Info.plist;
				LD_RUNPATH_SEARCH_PATHS = (
					"$(inherited)",
					"@executable_path/Frameworks",
				);
				PRODUCT_BUNDLE_IDENTIFIER = br.com.mfelipesp.ChatMessage;
				PRODUCT_NAME = "$(TARGET_NAME)";
				SWIFT_VERSION = 4.0;
				TARGETED_DEVICE_FAMILY = "1,2";
			};
			name = Debug;
		};
		1864E56A2132EC0300F87879 /* Release */ = {
			isa = XCBuildConfiguration;
			buildSettings = {
				ASSETCATALOG_COMPILER_APPICON_NAME = AppIcon;
				CODE_SIGN_STYLE = Automatic;
				DEVELOPMENT_TEAM = V2686JM7D9;
				INFOPLIST_FILE = ChatMessage/Info.plist;
				LD_RUNPATH_SEARCH_PATHS = (
					"$(inherited)",
					"@executable_path/Frameworks",
				);
				PRODUCT_BUNDLE_IDENTIFIER = br.com.mfelipesp.ChatMessage;
				PRODUCT_NAME = "$(TARGET_NAME)";
				SWIFT_VERSION = 4.0;
				TARGETED_DEVICE_FAMILY = "1,2";
			};
			name = Release;
		};
/* End XCBuildConfiguration section */

/* Begin XCConfigurationList section */
		1864E5512132EC0100F87879 /* Build configuration list for PBXProject "ChatMessage" */ = {
			isa = XCConfigurationList;
			buildConfigurations = (
				1864E5662132EC0300F87879 /* Debug */,
				1864E5672132EC0300F87879 /* Release */,
			);
			defaultConfigurationIsVisible = 0;
			defaultConfigurationName = Release;
		};
		1864E5682132EC0300F87879 /* Build configuration list for PBXNativeTarget "ChatMessage" */ = {
			isa = XCConfigurationList;
			buildConfigurations = (
				1864E5692132EC0300F87879 /* Debug */,
				1864E56A2132EC0300F87879 /* Release */,
			);
			defaultConfigurationIsVisible = 0;
			defaultConfigurationName = Release;
		};
/* End XCConfigurationList section */
	};
	rootObject = 1864E54E2132EC0100F87879 /* Project object */;
}
